{
  "requires": true,
  "lockfileVersion": 1,
  "dependencies": {
    "@sweetalert2/theme-bootstrap-4": {
      "version": "2.1.0",
      "resolved": "https://registry.npmjs.org/@sweetalert2/theme-bootstrap-4/-/theme-bootstrap-4-2.1.0.tgz",
      "integrity": "sha512-Ji33Ixo45EjGrGUX0Z+RqsI0X45r3NW464MigYhA9olUy4uOlwfTkumKpeud